
Microsoft Visual Studio Solution File, Format Version 12.00
# Visual Studio Version 16
VisualStudioVersion = 16.0.30711.63
MinimumVisualStudioVersion = 10.0.40219.1
Project("{9A19103F-16F7-4668-BE54-9A1E7A4F7556}") = "RegisterBasedMachine", "RegisterBasedMachine\RegisterBasedMachine.csproj", "{05474741-2427-4CC1-B569-860DD301247B}"
EndProject
Project("{F2A71F9B-5D33-465A-A702-920D77279786}") = "RegisterBasedMachineTypes", "RegisterBasedMachineTypes\RegisterBasedMachineTypes.fsproj", "{0ACD34D6-4676-40C3-8C6F-45848441064E}"
EndProject
Project("{F2A71F9B-5D33-465A-A702-920D77279786}") = "RegisterBasedMachineTests", "RegisterBasedMachineTests\RegisterBasedMachineTests.fsproj", "{BCC9AB57-66FE-4224-8268-E3852BD9156D}"
EndProject
Project("{2150E333-8FDC-42A3-9474-1A3956D46DE8}") = "icemanind_B32Machine", "icemanind_B32Machine", "{F0C35521-0CDD-440B-945D-B729FAEB21AE}"
EndProject
Project("{FAE04EC0-301F-11D3-BF4B-00C04F79EFBC}") = "B32Assembler", "B32Assembler\B32Assembler.csproj", "{EBD31EAA-8668-426A-9632-4637D27D0A6A}"
EndProject
Global
	GlobalSection(SolutionConfigurationPlatforms) = preSolution
		Debug|Any CPU = Debug|Any CPU
		Release|Any CPU = Release|Any CPU
	EndGlobalSection
	GlobalSection(ProjectConfigurationPlatforms) = postSolution
		{05474741-2427-4CC1-B569-860DD301247B}.Debug|Any CPU.ActiveCfg = Debug|Any CPU
		{05474741-2427-4CC1-B569-860DD301247B}.Debug|Any CPU.Build.0 = Debug|Any CPU
		{05474741-2427-4CC1-B569-860DD301247B}.Release|Any CPU.ActiveCfg = Release|Any CPU
		{05474741-2427-4CC1-B569-860DD301247B}.Release|Any CPU.Build.0 = Release|Any CPU
		{0ACD34D6-4676-40C3-8C6F-45848441064E}.Debug|Any CPU.ActiveCfg = Debug|Any CPU
		{0ACD34D6-4676-40C3-8C6F-45848441064E}.Debug|Any CPU.Build.0 = Debug|Any CPU
		{0ACD34D6-4676-40C3-8C6F-45848441064E}.Release|Any CPU.ActiveCfg = Release|Any CPU
		{0ACD34D6-4676-40C3-8C6F-45848441064E}.Release|Any CPU.Build.0 = Release|Any CPU
		{BCC9AB57-66FE-4224-8268-E3852BD9156D}.Debug|Any CPU.ActiveCfg = Debug|Any CPU
		{BCC9AB57-66FE-4224-8268-E3852BD9156D}.Debug|Any CPU.Build.0 = Debug|Any CPU
		{BCC9AB57-66FE-4224-8268-E3852BD9156D}.Release|Any CPU.ActiveCfg = Release|Any CPU
		{BCC9AB57-66FE-4224-8268-E3852BD9156D}.Release|Any CPU.Build.0 = Release|Any CPU
		{EBD31EAA-8668-426A-9632-4637D27D0A6A}.Debug|Any CPU.ActiveCfg = Debug|Any CPU
		{EBD31EAA-8668-426A-9632-4637D27D0A6A}.Debug|Any CPU.Build.0 = Debug|Any CPU
		{EBD31EAA-8668-426A-9632-4637D27D0A6A}.Release|Any CPU.ActiveCfg = Release|Any CPU
		{EBD31EAA-8668-426A-9632-4637D27D0A6A}.Release|Any CPU.Build.0 = Release|Any CPU
	EndGlobalSection
	GlobalSection(SolutionProperties) = preSolution
		HideSolutionNode = FALSE
	EndGlobalSection
	GlobalSection(NestedProjects) = preSolution
		{EBD31EAA-8668-426A-9632-4637D27D0A6A} = {F0C35521-0CDD-440B-945D-B729FAEB21AE}
	EndGlobalSection
	GlobalSection(ExtensibilityGlobals) = postSolution
		SolutionGuid = {D39581E1-3418-4933-9291-D27E04D7294A}
	EndGlobalSection
EndGlobal
